
Microsoft Visual Studio Solution File, Format Version 12.00
# Visual Studio Version 17
VisualStudioVersion = 17.7.34202.233
MinimumVisualStudioVersion = 10.0.40219.1
Project("{FAE04EC0-301F-11D3-BF4B-00C04F79EFBC}") = "Monitoring", "Monitoring\Monitoring.csproj", "{B0D41578-0C6F-4048-872B-7C1B87B0C484}"
EndProject
Global
	GlobalSection(SolutionConfigurationPlatforms) = preSolution
		Debug|Any CPU = Debug|Any CPU
		Release|Any CPU = Release|Any CPU
	EndGlobalSection
	GlobalSection(ProjectConfigurationPlatforms) = postSolution
		{B0D41578-0C6F-4048-872B-7C1B87B0C484}.Debug|Any CPU.ActiveCfg = Debug|Any CPU
		{B0D41578-0C6F-4048-872B-7C1B87B0C484}.Debug|Any CPU.Build.0 = Debug|Any CPU
		{B0D41578-0C6F-4048-872B-7C1B87B0C484}.Release|Any CPU.ActiveCfg = Release|Any CPU
		{B0D41578-0C6F-4048-872B-7C1B87B0C484}.Release|Any CPU.Build.0 = Release|Any CPU
	EndGlobalSection
	GlobalSection(SolutionProperties) = preSolution
		HideSolutionNode = FALSE
	EndGlobalSection
	GlobalSection(ExtensibilityGlobals) = postSolution
		SolutionGuid = {B46E544F-6D5C-446F-A9C5-D725BC258442}
	EndGlobalSection
EndGlobal
